
Microsoft Visual Studio Solution File, Format Version 12.00
# Visual Studio Version 17
VisualStudioVersion = 17.8.34330.188
MinimumVisualStudioVersion = 10.0.40219.1
Project("{FAE04EC0-301F-11D3-BF4B-00C04F79EFBC}") = "tic tack toe1", "tic tack toe1\tic tack toe1.csproj", "{FA6EC3F6-4E57-4082-A39A-DCBD82940967}"
EndProject
Global
	GlobalSection(SolutionConfigurationPlatforms) = preSolution
		Debug|Any CPU = Debug|Any CPU
		Release|Any CPU = Release|Any CPU
	EndGlobalSection
	GlobalSection(ProjectConfigurationPlatforms) = postSolution
		{FA6EC3F6-4E57-4082-A39A-DCBD82940967}.Debug|Any CPU.ActiveCfg = Debug|Any CPU
		{FA6EC3F6-4E57-4082-A39A-DCBD82940967}.Debug|Any CPU.Build.0 = Debug|Any CPU
		{FA6EC3F6-4E57-4082-A39A-DCBD82940967}.Release|Any CPU.ActiveCfg = Release|Any CPU
		{FA6EC3F6-4E57-4082-A39A-DCBD82940967}.Release|Any CPU.Build.0 = Release|Any CPU
	EndGlobalSection
	GlobalSection(SolutionProperties) = preSolution
		HideSolutionNode = FALSE
	EndGlobalSection
	GlobalSection(ExtensibilityGlobals) = postSolution
		SolutionGuid = {86E07C80-2A6B-43DA-83A6-CE7B6CBAD1A5}
	EndGlobalSection
EndGlobal
